
Microsoft Visual Studio Solution File, Format Version 12.00
# Visual Studio Version 17
VisualStudioVersion = 17.14.36518.9 d17.14
MinimumVisualStudioVersion = 10.0.40219.1
Project("{FAE04EC0-301F-11D3-BF4B-00C04F79EFBC}") = "ConsoleApp2", "ConsoleApp2\ConsoleApp2.csproj", "{9A253DFB-2ADD-4657-8AC8-775D19C2ADB0}"
EndProject
Global
	GlobalSection(SolutionConfigurationPlatforms) = preSolution
		Debug|Any CPU = Debug|Any CPU
		Release|Any CPU = Release|Any CPU
	EndGlobalSection
	GlobalSection(ProjectConfigurationPlatforms) = postSolution
		{9A253DFB-2ADD-4657-8AC8-775D19C2ADB0}.Debug|Any CPU.ActiveCfg = Debug|Any CPU
		{9A253DFB-2ADD-4657-8AC8-775D19C2ADB0}.Debug|Any CPU.Build.0 = Debug|Any CPU
		{9A253DFB-2ADD-4657-8AC8-775D19C2ADB0}.Release|Any CPU.ActiveCfg = Release|Any CPU
		{9A253DFB-2ADD-4657-8AC8-775D19C2ADB0}.Release|Any CPU.Build.0 = Release|Any CPU
	EndGlobalSection
	GlobalSection(SolutionProperties) = preSolution
		HideSolutionNode = FALSE
	EndGlobalSection
	GlobalSection(ExtensibilityGlobals) = postSolution
		SolutionGuid = {1E64FB04-5A5C-42C6-9C62-F8D9721C0DB3}
	EndGlobalSection
EndGlobal
